// !$*UTF8*$!
{
	archiveVersion = 1;
	classes = {
	};
	objectVersion = 77;
	objects = {

/* Begin PBXBuildFile section */
		D9208B1C2EB83AD20098AAC5 /* CoreMLPipelines in Frameworks */ = {isa = PBXBuildFile; productRef = D9208B1B2EB83AD20098AAC5 /* CoreMLPipelines */; };
		D97396992EF2FFCA00072195 /* ZIPFoundation in Frameworks */ = {isa = PBXBuildFile; productRef = D97396982EF2FFCA00072195 /* ZIPFoundation */; };
		D9F5263D2ED73B1E00DEC7BF /* StableDiffusion in Frameworks */ = {isa = PBXBuildFile; productRef = D9F5263C2ED73B1E00DEC7BF /* StableDiffusion */; };
/* End PBXBuildFile section */

/* Begin PBXFileReference section */
		D9208ACB2EB839A60098AAC5 /* SemanticCompression-v2.app */ = {isa = PBXFileReference; explicitFileType = wrapper.application; includeInIndex = 0; path = "SemanticCompression-v2.app"; sourceTree = BUILT_PRODUCTS_DIR; };
		D9F5263F2ED73D6200DEC7BF /* FoundationModels.framework */ = {isa = PBXFileReference; lastKnownFileType = wrapper.framework; name = FoundationModels.framework; path = System/Library/Frameworks/FoundationModels.framework; sourceTree = SDKROOT; };
/* End PBXFileReference section */

/* Begin PBXFileSystemSynchronizedBuildFileExceptionSet section */
		D9D4532D2F2B9ED100A5E314 /* Exceptions for "SemanticCompression-v2" folder in "SemanticCompression-v2" target */ = {
			isa = PBXFileSystemSynchronizedBuildFileExceptionSet;
			membershipExceptions = (
				Info.plist,
			);
			target = D9208ACA2EB839A60098AAC5 /* SemanticCompression-v2 */;
		};
/* End PBXFileSystemSynchronizedBuildFileExceptionSet section */

/* Begin PBXFileSystemSynchronizedRootGroup section */
		D9208ACD2EB839A60098AAC5 /* SemanticCompression-v2 */ = {
			isa = PBXFileSystemSynchronizedRootGroup;
			exceptions = (
				D9D4532D2F2B9ED100A5E314 /* Exceptions for "SemanticCompression-v2" folder in "SemanticCompression-v2" target */,
			);
			path = "SemanticCompression-v2";
			sourceTree = "<group>";
		};
/* End PBXFileSystemSynchronizedRootGroup section */

/* Begin PBXFrameworksBuildPhase section */
		D9208AC82EB839A60098AAC5 /* Frameworks */ = {
			isa = PBXFrameworksBuildPhase;
			buildActionMask = 2147483647;
			files = (
				D9208B1C2EB83AD20098AAC5 /* CoreMLPipelines in Frameworks */,
				D9F5263D2ED73B1E00DEC7BF /* StableDiffusion in Frameworks */,
				D97396992EF2FFCA00072195 /* ZIPFoundation in Frameworks */,
			);
			runOnlyForDeploymentPostprocessing = 0;
		};
/* End PBXFrameworksBuildPhase section */

/* Begin PBXGroup section */
		D9208AC22EB839A60098AAC5 = {
			isa = PBXGroup;
			children = (
				D9208ACD2EB839A60098AAC5 /* SemanticCompression-v2 */,
				D9F5263E2ED73D6200DEC7BF /* Frameworks */,
				D9208ACC2EB839A60098AAC5 /* Products */,
			);
			sourceTree = "<group>";
		};
		D9208ACC2EB839A60098AAC5 /* Products */ = {
			isa = PBXGroup;
			children = (
				D9208ACB2EB839A60098AAC5 /* SemanticCompression-v2.app */,
			);
			name = Products;
			sourceTree = "<group>";
		};
		D9F5263E2ED73D6200DEC7BF /* Frameworks */ = {
			isa = PBXGroup;
			children = (
				D9F5263F2ED73D6200DEC7BF /* FoundationModels.framework */,
			);
			name = Frameworks;
			sourceTree = "<group>";
		};
/* End PBXGroup section */

/* Begin PBXNativeTarget section */
		D9208ACA2EB839A60098AAC5 /* SemanticCompression-v2 */ = {
			isa = PBXNativeTarget;
			buildConfigurationList = D9208AD62EB839A90098AAC5 /* Build configuration list for PBXNativeTarget "SemanticCompression-v2" */;
			buildPhases = (
				D9208AC72EB839A60098AAC5 /* Sources */,
				D9208AC92EB839A60098AAC5 /* Resources */,
				D9208AC82EB839A60098AAC5 /* Frameworks */,
			);
			buildRules = (
			);
			dependencies = (
			);
			fileSystemSynchronizedGroups = (
				D9208ACD2EB839A60098AAC5 /* SemanticCompression-v2 */,
			);
			name = "SemanticCompression-v2";
			packageProductDependencies = (
				D9208B1B2EB83AD20098AAC5 /* CoreMLPipelines */,
				D9F5263C2ED73B1E00DEC7BF /* StableDiffusion */,
				D97396982EF2FFCA00072195 /* ZIPFoundation */,
			);
			productName = "SemanticCompression-v2";
			productReference = D9208ACB2EB839A60098AAC5 /* SemanticCompression-v2.app */;
			productType = "com.apple.product-type.application";
		};
/* End PBXNativeTarget section */

/* Begin PBXProject section */
		D9208AC32EB839A60098AAC5 /* Project object */ = {
			isa = PBXProject;
			attributes = {
				BuildIndependentTargetsInParallel = 1;
				LastSwiftUpdateCheck = 2600;
				LastUpgradeCheck = 2600;
				TargetAttributes = {
					D9208ACA2EB839A60098AAC5 = {
						CreatedOnToolsVersion = 26.0.1;
					};
				};
			};
			buildConfigurationList = D9208AC62EB839A60098AAC5 /* Build configuration list for PBXProject "SemanticCompression-v2" */;
			developmentRegion = en;
			hasScannedForEncodings = 0;
			knownRegions = (
				en,
				Base,
			);
			mainGroup = D9208AC22EB839A60098AAC5;
			minimizedProjectReferenceProxies = 1;
			packageReferences = (
				D9208B1A2EB83AD20098AAC5 /* XCRemoteSwiftPackageReference "CoreMLPipelines" */,
				D9F5263B2ED73B1E00DEC7BF /* XCRemoteSwiftPackageReference "ml-stable-diffusion" */,
				D97396972EF2FFCA00072195 /* XCRemoteSwiftPackageReference "ZIPFoundation" */,
			);
			preferredProjectObjectVersion = 77;
			productRefGroup = D9208ACC2EB839A60098AAC5 /* Products */;
			projectDirPath = "";
			projectRoot = "";
			targets = (
				D9208ACA2EB839A60098AAC5 /* SemanticCompression-v2 */,
			);
		};
/* End PBXProject section */

/* Begin PBXResourcesBuildPhase section */
		D9208AC92EB839A60098AAC5 /* Resources */ = {
			isa = PBXResourcesBuildPhase;
			buildActionMask = 2147483647;
			files = (
			);
			runOnlyForDeploymentPostprocessing = 0;
		};
/* End PBXResourcesBuildPhase section */

/* Begin PBXSourcesBuildPhase section */
		D9208AC72EB839A60098AAC5 /* Sources */ = {
			isa = PBXSourcesBuildPhase;
			buildActionMask = 2147483647;
			files = (
			);
			runOnlyForDeploymentPostprocessing = 0;
		};
/* End PBXSourcesBuildPhase section */

/* Begin XCBuildConfiguration section */
		D9208AD42EB839A90098AAC5 /* Debug */ = {
			isa = XCBuildConfiguration;
			buildSettings = {
				ALWAYS_SEARCH_USER_PATHS = NO;
				ASSETCATALOG_COMPILER_GENERATE_SWIFT_ASSET_SYMBOL_EXTENSIONS = YES;
				CLANG_ANALYZER_NONNULL = YES;
				CLANG_ANALYZER_NUMBER_OBJECT_CONVERSION = YES_AGGRESSIVE;
				CLANG_CXX_LANGUAGE_STANDARD = "gnu++20";
				CLANG_ENABLE_MODULES = YES;
				CLANG_ENABLE_OBJC_ARC = YES;
				CLANG_ENABLE_OBJC_WEAK = YES;
				CLANG_WARN_BLOCK_CAPTURE_AUTORELEASING = YES;
				CLANG_WARN_BOOL_CONVERSION = YES;
				CLANG_WARN_COMMA = YES;
				CLANG_WARN_CONSTANT_CONVERSION = YES;
				CLANG_WARN_DEPRECATED_OBJC_IMPLEMENTATIONS = YES;
				CLANG_WARN_DIRECT_OBJC_ISA_USAGE = YES_ERROR;
				CLANG_WARN_DOCUMENTATION_COMMENTS = YES;
				CLANG_WARN_EMPTY_BODY = YES;
				CLANG_WARN_ENUM_CONVERSION = YES;
				CLANG_WARN_INFINITE_RECURSION = YES;
				CLANG_WARN_INT_CONVERSION = YES;
				CLANG_WARN_NON_LITERAL_NULL_CONVERSION = YES;
				CLANG_WARN_OBJC_IMPLICIT_RETAIN_SELF = YES;
				CLANG_WARN_OBJC_LITERAL_CONVERSION = YES;
				CLANG_WARN_OBJC_ROOT_CLASS = YES_ERROR;
				CLANG_WARN_QUOTED_INCLUDE_IN_FRAMEWORK_HEADER = YES;
				CLANG_WARN_RANGE_LOOP_ANALYSIS = YES;
				CLANG_WARN_STRICT_PROTOTYPES = YES;
				CLANG_WARN_SUSPICIOUS_MOVE = YES;
				CLANG_WARN_UNGUARDED_AVAILABILITY = YES_AGGRESSIVE;
				CLANG_WARN_UNREACHABLE_CODE = YES;
				CLANG_WARN__DUPLICATE_METHOD_MATCH = YES;
				COPY_PHASE_STRIP = NO;
				DEBUG_INFORMATION_FORMAT = dwarf;
				DEVELOPMENT_TEAM = YY58VZMU56;
				ENABLE_STRICT_OBJC_MSGSEND = YES;
				ENABLE_TESTABILITY = YES;
				ENABLE_USER_SCRIPT_SANDBOXING = YES;
				GCC_C_LANGUAGE_STANDARD = gnu17;
				GCC_DYNAMIC_NO_PIC = NO;
				GCC_NO_COMMON_BLOCKS = YES;
				GCC_OPTIMIZATION_LEVEL = 0;
				GCC_PREPROCESSOR_DEFINITIONS = (
					"DEBUG=1",
					"$(inherited)",
				);
				GCC_WARN_64_TO_32_BIT_CONVERSION = YES;
				GCC_WARN_ABOUT_RETURN_TYPE = YES_ERROR;
				GCC_WARN_UNDECLARED_SELECTOR = YES;
				GCC_WARN_UNINITIALIZED_AUTOS = YES_AGGRESSIVE;
				GCC_WARN_UNUSED_FUNCTION = YES;
				GCC_WARN_UNUSED_VARIABLE = YES;
				IPHONEOS_DEPLOYMENT_TARGET = 26.0;
				LOCALIZATION_PREFERS_STRING_CATALOGS = YES;
				MTL_ENABLE_DEBUG_INFO = INCLUDE_SOURCE;
				MTL_FAST_MATH = YES;
				ONLY_ACTIVE_ARCH = YES;
				SDKROOT = iphoneos;
				SWIFT_ACTIVE_COMPILATION_CONDITIONS = "DEBUG $(inherited)";
				SWIFT_OPTIMIZATION_LEVEL = "-Onone";
			};
			name = Debug;
		};
		D9208AD52EB839A90098AAC5 /* Release */ = {
			isa = XCBuildConfiguration;
			buildSettings = {
				ALWAYS_SEARCH_USER_PATHS = NO;
				ASSETCATALOG_COMPILER_GENERATE_SWIFT_ASSET_SYMBOL_EXTENSIONS = YES;
				CLANG_ANALYZER_NONNULL = YES;
				CLANG_ANALYZER_NUMBER_OBJECT_CONVERSION = YES_AGGRESSIVE;
				CLANG_CXX_LANGUAGE_STANDARD = "gnu++20";
				CLANG_ENABLE_MODULES = YES;
				CLANG_ENABLE_OBJC_ARC = YES;
				CLANG_ENABLE_OBJC_WEAK = YES;
				CLANG_WARN_BLOCK_CAPTURE_AUTORELEASING = YES;
				CLANG_WARN_BOOL_CONVERSION = YES;
				CLANG_WARN_COMMA = YES;
				CLANG_WARN_CONSTANT_CONVERSION = YES;
				CLANG_WARN_DEPRECATED_OBJC_IMPLEMENTATIONS = YES;
				CLANG_WARN_DIRECT_OBJC_ISA_USAGE = YES_ERROR;
				CLANG_WARN_DOCUMENTATION_COMMENTS = YES;
				CLANG_WARN_EMPTY_BODY = YES;
				CLANG_WARN_ENUM_CONVERSION = YES;
				CLANG_WARN_INFINITE_RECURSION = YES;
				CLANG_WARN_INT_CONVERSION = YES;
				CLANG_WARN_NON_LITERAL_NULL_CONVERSION = YES;
				CLANG_WARN_OBJC_IMPLICIT_RETAIN_SELF = YES;
				CLANG_WARN_OBJC_LITERAL_CONVERSION = YES;
				CLANG_WARN_OBJC_ROOT_CLASS = YES_ERROR;
				CLANG_WARN_QUOTED_INCLUDE_IN_FRAMEWORK_HEADER = YES;
				CLANG_WARN_RANGE_LOOP_ANALYSIS = YES;
				CLANG_WARN_STRICT_PROTOTYPES = YES;
				CLANG_WARN_SUSPICIOUS_MOVE = YES;
				CLANG_WARN_UNGUARDED_AVAILABILITY = YES_AGGRESSIVE;
				CLANG_WARN_UNREACHABLE_CODE = YES;
				CLANG_WARN__DUPLICATE_METHOD_MATCH = YES;
				COPY_PHASE_STRIP = NO;
				DEBUG_INFORMATION_FORMAT = "dwarf-with-dsym";
				DEVELOPMENT_TEAM = YY58VZMU56;
				ENABLE_NS_ASSERTIONS = NO;
				ENABLE_STRICT_OBJC_MSGSEND = YES;
				ENABLE_USER_SCRIPT_SANDBOXING = YES;
				GCC_C_LANGUAGE_STANDARD = gnu17;
				GCC_NO_COMMON_BLOCKS = YES;
				GCC_WARN_64_TO_32_BIT_CONVERSION = YES;
				GCC_WARN_ABOUT_RETURN_TYPE = YES_ERROR;
				GCC_WARN_UNDECLARED_SELECTOR = YES;
				GCC_WARN_UNINITIALIZED_AUTOS = YES_AGGRESSIVE;
				GCC_WARN_UNUSED_FUNCTION = YES;
				GCC_WARN_UNUSED_VARIABLE = YES;
				IPHONEOS_DEPLOYMENT_TARGET = 26.0;
				LOCALIZATION_PREFERS_STRING_CATALOGS = YES;
				MTL_ENABLE_DEBUG_INFO = NO;
				MTL_FAST_MATH = YES;
				SDKROOT = iphoneos;
				SWIFT_COMPILATION_MODE = wholemodule;
				VALIDATE_PRODUCT = YES;
			};
			name = Release;
		};
		D9208AD72EB839A90098AAC5 /* Debug */ = {
			isa = XCBuildConfiguration;
			buildSettings = {
				ASSETCATALOG_COMPILER_APPICON_NAME = "App Icon";
				ASSETCATALOG_COMPILER_GLOBAL_ACCENT_COLOR_NAME = AccentColor;
				ASSETCATALOG_COMPILER_INCLUDE_ALL_APPICON_ASSETS = NO;
				CODE_SIGN_STYLE = Automatic;
				CURRENT_PROJECT_VERSION = 10;
				DEVELOPMENT_TEAM = YY58VZMU56;
				ENABLE_PREVIEWS = YES;
				GENERATE_INFOPLIST_FILE = YES;
				INFOPLIST_FILE = "SemanticCompression-v2/Info.plist";
				INFOPLIST_KEY_CFBundleDisplayName = Mim;
				INFOPLIST_KEY_LSApplicationCategoryType = "public.app-category.social-networking";
				INFOPLIST_KEY_NSPhotoLibraryUsageDescription = "投稿する画像を選択し、端末内のAIで解析・生成を行うために写真へのアクセスが必要です。画像はユーザーの操作なく外部に送信されません。";
				INFOPLIST_KEY_UIApplicationSceneManifest_Generation = YES;
				INFOPLIST_KEY_UIApplicationSupportsIndirectInputEvents = YES;
				INFOPLIST_KEY_UILaunchScreen_Generation = YES;
				INFOPLIST_KEY_UISupportedInterfaceOrientations_iPad = "UIInterfaceOrientationPortrait UIInterfaceOrientationPortraitUpsideDown UIInterfaceOrientationLandscapeLeft UIInterfaceOrientationLandscapeRight";
				INFOPLIST_KEY_UISupportedInterfaceOrientations_iPhone = "UIInterfaceOrientationPortrait UIInterfaceOrientationLandscapeLeft UIInterfaceOrientationLandscapeRight";
				IPHONEOS_DEPLOYMENT_TARGET = 18.6;
				LD_RUNPATH_SEARCH_PATHS = (
					"$(inherited)",
					"@executable_path/Frameworks",
				);
				MARKETING_VERSION = 1.0.1;
				OTHER_LDFLAGS = "";
				PRODUCT_BUNDLE_IDENTIFIER = com.tasuku.mim;
				PRODUCT_NAME = "$(TARGET_NAME)";
				STRING_CATALOG_GENERATE_SYMBOLS = YES;
				SWIFT_APPROACHABLE_CONCURRENCY = YES;
				SWIFT_DEFAULT_ACTOR_ISOLATION = MainActor;
				SWIFT_EMIT_LOC_STRINGS = YES;
				SWIFT_UPCOMING_FEATURE_MEMBER_IMPORT_VISIBILITY = YES;
				SWIFT_VERSION = 5.0;
				TARGETED_DEVICE_FAMILY = "1,2";
			};
			name = Debug;
		};
		D9208AD82EB839A90098AAC5 /* Release */ = {
			isa = XCBuildConfiguration;
			buildSettings = {
				ASSETCATALOG_COMPILER_APPICON_NAME = "App Icon";
				ASSETCATALOG_COMPILER_GLOBAL_ACCENT_COLOR_NAME = AccentColor;
				ASSETCATALOG_COMPILER_INCLUDE_ALL_APPICON_ASSETS = NO;
				CODE_SIGN_STYLE = Automatic;
				CURRENT_PROJECT_VERSION = 10;
				DEVELOPMENT_TEAM = YY58VZMU56;
				ENABLE_PREVIEWS = YES;
				GENERATE_INFOPLIST_FILE = YES;
				INFOPLIST_FILE = "SemanticCompression-v2/Info.plist";
				INFOPLIST_KEY_CFBundleDisplayName = Mim;
				INFOPLIST_KEY_LSApplicationCategoryType = "public.app-category.social-networking";
				INFOPLIST_KEY_NSPhotoLibraryUsageDescription = "投稿する画像を選択し、端末内のAIで解析・生成を行うために写真へのアクセスが必要です。画像はユーザーの操作なく外部に送信されません。";
				INFOPLIST_KEY_UIApplicationSceneManifest_Generation = YES;
				INFOPLIST_KEY_UIApplicationSupportsIndirectInputEvents = YES;
				INFOPLIST_KEY_UILaunchScreen_Generation = YES;
				INFOPLIST_KEY_UISupportedInterfaceOrientations_iPad = "UIInterfaceOrientationPortrait UIInterfaceOrientationPortraitUpsideDown UIInterfaceOrientationLandscapeLeft UIInterfaceOrientationLandscapeRight";
				INFOPLIST_KEY_UISupportedInterfaceOrientations_iPhone = "UIInterfaceOrientationPortrait UIInterfaceOrientationLandscapeLeft UIInterfaceOrientationLandscapeRight";
				IPHONEOS_DEPLOYMENT_TARGET = 18.6;
				LD_RUNPATH_SEARCH_PATHS = (
					"$(inherited)",
					"@executable_path/Frameworks",
				);
				MARKETING_VERSION = 1.0.1;
				OTHER_LDFLAGS = "";
				PRODUCT_BUNDLE_IDENTIFIER = com.tasuku.mim;
				PRODUCT_NAME = "$(TARGET_NAME)";
				STRING_CATALOG_GENERATE_SYMBOLS = YES;
				SWIFT_APPROACHABLE_CONCURRENCY = YES;
				SWIFT_DEFAULT_ACTOR_ISOLATION = MainActor;
				SWIFT_EMIT_LOC_STRINGS = YES;
				SWIFT_UPCOMING_FEATURE_MEMBER_IMPORT_VISIBILITY = YES;
				SWIFT_VERSION = 5.0;
				TARGETED_DEVICE_FAMILY = "1,2";
			};
			name = Release;
		};
/* End XCBuildConfiguration section */

/* Begin XCConfigurationList section */
		D9208AC62EB839A60098AAC5 /* Build configuration list for PBXProject "SemanticCompression-v2" */ = {
			isa = XCConfigurationList;
			buildConfigurations = (
				D9208AD42EB839A90098AAC5 /* Debug */,
				D9208AD52EB839A90098AAC5 /* Release */,
			);
			defaultConfigurationIsVisible = 0;
			defaultConfigurationName = Release;
		};
		D9208AD62EB839A90098AAC5 /* Build configuration list for PBXNativeTarget "SemanticCompression-v2" */ = {
			isa = XCConfigurationList;
			buildConfigurations = (
				D9208AD72EB839A90098AAC5 /* Debug */,
				D9208AD82EB839A90098AAC5 /* Release */,
			);
			defaultConfigurationIsVisible = 0;
			defaultConfigurationName = Release;
		};
/* End XCConfigurationList section */

/* Begin XCRemoteSwiftPackageReference section */
		D9208B1A2EB83AD20098AAC5 /* XCRemoteSwiftPackageReference "CoreMLPipelines" */ = {
			isa = XCRemoteSwiftPackageReference;
			repositoryURL = "https://github.com/finnvoor/CoreMLPipelines.git";
			requirement = {
				branch = main;
				kind = branch;
			};
		};
		D97396972EF2FFCA00072195 /* XCRemoteSwiftPackageReference "ZIPFoundation" */ = {
			isa = XCRemoteSwiftPackageReference;
			repositoryURL = "https://github.com/weichsel/ZIPFoundation";
			requirement = {
				kind = upToNextMajorVersion;
				minimumVersion = 0.9.20;
			};
		};
		D9F5263B2ED73B1E00DEC7BF /* XCRemoteSwiftPackageReference "ml-stable-diffusion" */ = {
			isa = XCRemoteSwiftPackageReference;
			repositoryURL = "https://github.com/apple/ml-stable-diffusion";
			requirement = {
				branch = main;
				kind = branch;
			};
		};
/* End XCRemoteSwiftPackageReference section */

/* Begin XCSwiftPackageProductDependency section */
		D9208B1B2EB83AD20098AAC5 /* CoreMLPipelines */ = {
			isa = XCSwiftPackageProductDependency;
			package = D9208B1A2EB83AD20098AAC5 /* XCRemoteSwiftPackageReference "CoreMLPipelines" */;
			productName = CoreMLPipelines;
		};
		D97396982EF2FFCA00072195 /* ZIPFoundation */ = {
			isa = XCSwiftPackageProductDependency;
			package = D97396972EF2FFCA00072195 /* XCRemoteSwiftPackageReference "ZIPFoundation" */;
			productName = ZIPFoundation;
		};
		D9F5263C2ED73B1E00DEC7BF /* StableDiffusion */ = {
			isa = XCSwiftPackageProductDependency;
			package = D9F5263B2ED73B1E00DEC7BF /* XCRemoteSwiftPackageReference "ml-stable-diffusion" */;
			productName = StableDiffusion;
		};
/* End XCSwiftPackageProductDependency section */
	};
	rootObject = D9208AC32EB839A60098AAC5 /* Project object */;
}
